
Microsoft Visual Studio Solution File, Format Version 12.00
# Visual Studio Version 17
VisualStudioVersion = 17.5.33516.290
MinimumVisualStudioVersion = 10.0.40219.1
Project("{8BC9CEB8-8B4A-11D0-8D11-00A0C91BC942}") = "066_Pointer", "066_Pointer\066_Pointer.vcxproj", "{8BBDF2CF-D681-4E05-919A-4ABD687D0CF4}"
EndProject
Project("{8BC9CEB8-8B4A-11D0-8D11-00A0C91BC942}") = "pointer2", "pointer2\pointer2.vcxproj", "{8DABC874-8885-4416-8C2F-5181699D655C}"
EndProject
Project("{8BC9CEB8-8B4A-11D0-8D11-00A0C91BC942}") = "FreindClass", "FreindClass\FreindClass.vcxproj", "{D3A0C91C-0D73-41FC-97E9-000F4A9E79E5}"
EndProject
Project("{8BC9CEB8-8B4A-11D0-8D11-00A0C91BC942}") = "friendclass2", "friendclass2\friendclass2.vcxproj", "{A16B17CF-C8A4-4069-A276-DCE77BE5A4A5}"
EndProject
Project("{8BC9CEB8-8B4A-11D0-8D11-00A0C91BC942}") = "friendclass3", "friendclass3\friendclass3.vcxproj", "{D49572A2-A335-4680-8623-83EAEEDBFBD2}"
EndProject
Global
	GlobalSection(SolutionConfigurationPlatforms) = preSolution
		Debug|x64 = Debug|x64
		Debug|x86 = Debug|x86
		Release|x64 = Release|x64
		Release|x86 = Release|x86
	EndGlobalSection
	GlobalSection(ProjectConfigurationPlatforms) = postSolution
		{8BBDF2CF-D681-4E05-919A-4ABD687D0CF4}.Debug|x64.ActiveCfg = Debug|x64
		{8BBDF2CF-D681-4E05-919A-4ABD687D0CF4}.Debug|x64.Build.0 = Debug|x64
		{8BBDF2CF-D681-4E05-919A-4ABD687D0CF4}.Debug|x86.ActiveCfg = Debug|Win32
		{8BBDF2CF-D681-4E05-919A-4ABD687D0CF4}.Debug|x86.Build.0 = Debug|Win32
		{8BBDF2CF-D681-4E05-919A-4ABD687D0CF4}.Release|x64.ActiveCfg = Release|x64
		{8BBDF2CF-D681-4E05-919A-4ABD687D0CF4}.Release|x64.Build.0 = Release|x64
		{8BBDF2CF-D681-4E05-919A-4ABD687D0CF4}.Release|x86.ActiveCfg = Release|Win32
		{8BBDF2CF-D681-4E05-919A-4ABD687D0CF4}.Release|x86.Build.0 = Release|Win32
		{8DABC874-8885-4416-8C2F-5181699D655C}.Debug|x64.ActiveCfg = Debug|x64
		{8DABC874-8885-4416-8C2F-5181699D655C}.Debug|x64.Build.0 = Debug|x64
		{8DABC874-8885-4416-8C2F-5181699D655C}.Debug|x86.ActiveCfg = Debug|Win32
		{8DABC874-8885-4416-8C2F-5181699D655C}.Debug|x86.Build.0 = Debug|Win32
		{8DABC874-8885-4416-8C2F-5181699D655C}.Release|x64.ActiveCfg = Release|x64
		{8DABC874-8885-4416-8C2F-5181699D655C}.Release|x64.Build.0 = Release|x64
		{8DABC874-8885-4416-8C2F-5181699D655C}.Release|x86.ActiveCfg = Release|Win32
		{8DABC874-8885-4416-8C2F-5181699D655C}.Release|x86.Build.0 = Release|Win32
		{D3A0C91C-0D73-41FC-97E9-000F4A9E79E5}.Debug|x64.ActiveCfg = Debug|x64
		{D3A0C91C-0D73-41FC-97E9-000F4A9E79E5}.Debug|x64.Build.0 = Debug|x64
		{D3A0C91C-0D73-41FC-97E9-000F4A9E79E5}.Debug|x86.ActiveCfg = Debug|Win32
		{D3A0C91C-0D73-41FC-97E9-000F4A9E79E5}.Debug|x86.Build.0 = Debug|Win32
		{D3A0C91C-0D73-41FC-97E9-000F4A9E79E5}.Release|x64.ActiveCfg = Release|x64
		{D3A0C91C-0D73-41FC-97E9-000F4A9E79E5}.Release|x64.Build.0 = Release|x64
		{D3A0C91C-0D73-41FC-97E9-000F4A9E79E5}.Release|x86.ActiveCfg = Release|Win32
		{D3A0C91C-0D73-41FC-97E9-000F4A9E79E5}.Release|x86.Build.0 = Release|Win32
		{A16B17CF-C8A4-4069-A276-DCE77BE5A4A5}.Debug|x64.ActiveCfg = Debug|x64
		{A16B17CF-C8A4-4069-A276-DCE77BE5A4A5}.Debug|x64.Build.0 = Debug|x64
		{A16B17CF-C8A4-4069-A276-DCE77BE5A4A5}.Debug|x86.ActiveCfg = Debug|Win32
		{A16B17CF-C8A4-4069-A276-DCE77BE5A4A5}.Debug|x86.Build.0 = Debug|Win32
		{A16B17CF-C8A4-4069-A276-DCE77BE5A4A5}.Release|x64.ActiveCfg = Release|x64
		{A16B17CF-C8A4-4069-A276-DCE77BE5A4A5}.Release|x64.Build.0 = Release|x64
		{A16B17CF-C8A4-4069-A276-DCE77BE5A4A5}.Release|x86.ActiveCfg = Release|Win32
		{A16B17CF-C8A4-4069-A276-DCE77BE5A4A5}.Release|x86.Build.0 = Release|Win32
		{D49572A2-A335-4680-8623-83EAEEDBFBD2}.Debug|x64.ActiveCfg = Debug|x64
		{D49572A2-A335-4680-8623-83EAEEDBFBD2}.Debug|x64.Build.0 = Debug|x64
		{D49572A2-A335-4680-8623-83EAEEDBFBD2}.Debug|x86.ActiveCfg = Debug|Win32
		{D49572A2-A335-4680-8623-83EAEEDBFBD2}.Debug|x86.Build.0 = Debug|Win32
		{D49572A2-A335-4680-8623-83EAEEDBFBD2}.Release|x64.ActiveCfg = Release|x64
		{D49572A2-A335-4680-8623-83EAEEDBFBD2}.Release|x64.Build.0 = Release|x64
		{D49572A2-A335-4680-8623-83EAEEDBFBD2}.Release|x86.ActiveCfg = Release|Win32
		{D49572A2-A335-4680-8623-83EAEEDBFBD2}.Release|x86.Build.0 = Release|Win32
	EndGlobalSection
	GlobalSection(SolutionProperties) = preSolution
		HideSolutionNode = FALSE
	EndGlobalSection
	GlobalSection(ExtensibilityGlobals) = postSolution
		SolutionGuid = {320F8577-7F69-4115-B8B7-D2DEF172C139}
	EndGlobalSection
EndGlobal
